# THIS IS AN AUTOGENERATED FILE. DO NOT EDIT THIS FILE DIRECTLY.
# yarn lockfile v1


"@angular-devkit/core@11.2.14", "@angular-devkit/core@~11.2.0":
  version "11.2.14"
  resolved "https://registry.yarnpkg.com/@angular-devkit/core/-/core-11.2.14.tgz#b1658fc5bd5191e0012efb4bec72ad33e2e609e6"
  integrity sha512-Ad1fHqLxDwhkQgLPqq9i+G65NSOoIHXQx7ILcSPACKurV3XLS1RO9BgP/BDaqHAG+WslUAPbMStaTzzPm+9dNw==
  dependencies:
    ajv "6.12.6"
    fast-json-stable-stringify "2.1.0"
    magic-string "0.25.7"
    rxjs "6.6.3"
    source-map "0.7.3"

"@angular-devkit/schematics@11.2.14", "@angular-devkit/schematics@~11.2.0":
  version "11.2.14"
  resolved "https://registry.yarnpkg.com/@angular-devkit/schematics/-/schematics-11.2.14.tgz#bb0dbfe35a4a7af7880e776f86015105b58d933d"
  integrity sha512-Ol6+0qdGKzuVJm5gCtQr47X0OCihTfAxI4h047cHYhPFIGGPSvkG/QeJMZugflgoobi2k/xcYokOu/VAkRtWbQ==
  dependencies:
    "@angular-devkit/core" "11.2.14"
    ora "5.3.0"
    rxjs "6.6.3"

"@nativescript/android@8.0.0":
  version "8.0.0"
  resolved "https://registry.yarnpkg.com/@nativescript/android/-/android-8.0.0.tgz#22ff96b600926f7dc37ecebad7ba13fefc2ed05b"
  integrity sha512-p7eGwmE2+EvkQ4vt4scIrWqVuXytKv+GiHofrVRME1zUaTNMLSdB9ZyQOukfIvCx09iIufD42wN2a0IkgcDBvw==

"@nativescript/angular@file:../../packages/angular":
  version "12.2.0"
  dependencies:
    "@nativescript/zone-js" "~2.2.0"

"@nativescript/core@~8.1.0":
  version "8.1.0"
  resolved "https://registry.yarnpkg.com/@nativescript/core/-/core-8.1.0.tgz#3b7bdd1f44c56474e20225e9cde3ee711dc4fb33"
  integrity sha512-+rWnRQ26PuMND0ZRNa00HFnPsTDo3carYuEkcIafkDgurQ7+UkCoqbOmHXUNc/vur3A69xl269P+1I6Zq0p94Q==
  dependencies:
    "@nativescript/hook" "~2.0.0"
    css-tree "^1.1.2"
    reduce-css-calc "^2.1.7"
    tslib "~2.0.0"

"@nativescript/hook@^2.0.0", "@nativescript/hook@~2.0.0":
  version "2.0.0"
  resolved "https://registry.yarnpkg.com/@nativescript/hook/-/hook-2.0.0.tgz#dbc17777d08c657efc77e263dc1ba1896d9c77b5"
  integrity sha512-v3Hj3Zpd69sQJfFpDNXonV0EjO1a2OL4l48wlo1Ycsqk4r7RY822d/irFTjt0LllRG0OcdEGgfG6wKb0YgPyHw==
  dependencies:
    glob "^7.1.0"
    mkdirp "^1.0.4"

"@nativescript/ios@8.1.0":
  version "8.1.0"
  resolved "https://registry.yarnpkg.com/@nativescript/ios/-/ios-8.1.0.tgz#5b34cf2d30b8d68713d76238fe0e50b6f80eb20c"
  integrity sha512-coBi409FQKO/Ia/3gBBe1QZAAfi5uwhT179o6sAeRrvsBV2ULDonmcpzKg2alrUcPTj5ESy7KpJ6+f4AkC7Lbg==

"@nativescript/schematics@^11.2.0":
  version "11.2.0"
  resolved "https://registry.yarnpkg.com/@nativescript/schematics/-/schematics-11.2.0.tgz#6f4c4ea7dc0de0a72e4ab60e129905d9aa79ec81"
  integrity sha512-5FzqErEfI4vA4P9zDv4nsItiP5xVzl/5UpMgJUxDCAtp1x4V4qLIu5dxHfG8yvQiUHv0iPGGR0Tfjxv95n+ixA==
  dependencies:
    "@angular-devkit/core" "~11.2.0"
    "@angular-devkit/schematics" "~11.2.0"
    "@nativescript/tslint-rules" "~0.0.5"
    "@phenomnomnominal/tsquery" "^4.1.0"
    "@schematics/angular" "~11.2.0"
    strip-json-comments "~3.1.1"

"@nativescript/tslint-rules@~0.0.5":
  version "0.0.5"
  resolved "https://registry.yarnpkg.com/@nativescript/tslint-rules/-/tslint-rules-0.0.5.tgz#5e61c396ac37c84b4dfb749956075d91f5f7ee43"
  integrity sha512-KHD4FOXyjoCWHJbKbaWUeMSYmv3gE8mFC6x9etDVUgPjKQlo4+7WmHZZyCxQ+hHNj9jNQ5vGEHAjTLP4dGinnQ==
  dependencies:
    "@phenomnomnominal/tsquery" "~3.0.0"

"@nativescript/unit-test-runner@^2.0.5":
  version "2.0.5"
  resolved "https://registry.yarnpkg.com/@nativescript/unit-test-runner/-/unit-test-runner-2.0.5.tgz#e71088c5acb52eaca448f316eb4958a1b7a83635"
  integrity sha512-wJpYNqy8wiJtiJ4P+Zh2iX6txfBHQVBtzmbBOHsVGV7MIXl9SY+hiE7u5NmCpsy3yaIxgR3QDOUbDJ6ITwCxiw==
  dependencies:
    "@nativescript/hook" "^2.0.0"
    glob-regex "^0.3.2"

"@nativescript/zone-js@~2.2.0":
  version "2.2.0"
  resolved "https://registry.yarnpkg.com/@nativescript/zone-js/-/zone-js-2.2.0.tgz#eae932ab4a2021f75c6042412187dc9353e4a351"
  integrity sha512-B9bwyMHyYHbRdQzWLqCruXzr2a3xifV9v+Fe0BybIB2ZilzmWkClL96amggHdMp0/PXwUn/2iA2XVe+0jwYr+g==

"@phenomnomnominal/tsquery@^4.1.0":
  version "4.1.1"
  resolved "https://registry.yarnpkg.com/@phenomnomnominal/tsquery/-/tsquery-4.1.1.tgz#42971b83590e9d853d024ddb04a18085a36518df"
  integrity sha512-jjMmK1tnZbm1Jq5a7fBliM4gQwjxMU7TFoRNwIyzwlO+eHPRCFv/Nv+H/Gi1jc3WR7QURG8D5d0Tn12YGrUqBQ==
  dependencies:
    esquery "^1.0.1"

"@phenomnomnominal/tsquery@~3.0.0":
  version "3.0.0"
  resolved "https://registry.yarnpkg.com/@phenomnomnominal/tsquery/-/tsquery-3.0.0.tgz#6f2f4dbf6304ff52b12cc7a5b979f20c3794a22a"
  integrity sha512-SW8lKitBHWJ9fAYkJ9kJivuctwNYCh3BUxLdH0+XiR1GPBiu+7qiZzh8p8jqlj1LgVC1TbvfNFroaEsmYlL8Iw==
  dependencies:
    esquery "^1.0.1"

"@schematics/angular@~11.2.0":
  version "11.2.14"
  resolved "https://registry.yarnpkg.com/@schematics/angular/-/angular-11.2.14.tgz#d0fa7ec009780ade0f9414f2602dd557a72fdd2f"
  integrity sha512-nErn5BFYp4HB7mOkt23kF+dyM6zPxolejM8eXQ5vd/rdhcc6ROaMZ0EmeEAWkfqB3+vqaSDz/D2Nm/IjJlyW/Q==
  dependencies:
    "@angular-devkit/core" "11.2.14"
    "@angular-devkit/schematics" "11.2.14"
    jsonc-parser "3.0.0"

ajv@6.12.6:
  version "6.12.6"
  resolved "https://registry.yarnpkg.com/ajv/-/ajv-6.12.6.tgz#baf5a62e802b07d977034586f8c3baf5adf26df4"
  integrity sha512-j3fVLgvTo527anyYyJOGTYJbG+vnnQYvE0m5mmkc1TK+nxAppkCLMIL0aZ4dblVCNoGShhm+kzE4ZUykBoMg4g==
  dependencies:
    fast-deep-equal "^3.1.1"
    fast-json-stable-stringify "^2.0.0"
    json-schema-traverse "^0.4.1"
    uri-js "^4.2.2"

ansi-regex@^5.0.0:
  version "5.0.1"
  resolved "https://registry.yarnpkg.com/ansi-regex/-/ansi-regex-5.0.1.tgz#082cb2c89c9fe8659a311a53bd6a4dc5301db304"
  integrity sha512-quJQXlTSUGL2LH9SUXo8VwsY4soanhgo6LNSm84E1LBcE8s3O0wpdiRzyR9z/ZZJMlMWv37qOOb9pdJlMUEKFQ==

ansi-styles@^4.1.0:
  version "4.3.0"
  resolved "https://registry.yarnpkg.com/ansi-styles/-/ansi-styles-4.3.0.tgz#edd803628ae71c04c85ae7a0906edad34b648937"
  integrity sha512-zbB9rCJAT1rbjiVDb2hqKFHNYLxgtk8NURxZ3IZwD3F6NtxbXZQCnnSi1Lkx+IDohdPlFp222wVALIheZJQSEg==
  dependencies:
    color-convert "^2.0.1"

balanced-match@^1.0.0:
  version "1.0.2"
  resolved "https://registry.yarnpkg.com/balanced-match/-/balanced-match-1.0.2.tgz#e83e3a7e3f300b34cb9d87f615fa0cbf357690ee"
  integrity sha512-3oSeUO0TMV67hN1AmbXsK4yaqU7tjiHlbxRDZOpH0KW9+CeX4bRAaX0Anxt0tx2MrpRpWwQaPwIlISEJhYU5Pw==

base64-js@^1.3.1:
  version "1.5.1"
  resolved "https://registry.yarnpkg.com/base64-js/-/base64-js-1.5.1.tgz#1b1b440160a5bf7ad40b650f095963481903930a"
  integrity sha512-AKpaYlHn8t4SVbOHCy+b5+KKgvR4vrsD8vbvrbiQJps7fKDTkjkDry6ji0rUJjC0kzbNePLwzxq8iypo41qeWA==

bl@^4.0.3:
  version "4.1.0"
  resolved "https://registry.yarnpkg.com/bl/-/bl-4.1.0.tgz#451535264182bec2fbbc83a62ab98cf11d9f7b3a"
  integrity sha512-1W07cM9gS6DcLperZfFSj+bWLtaPGSOHWhPiGzXmvVJbRLdG82sH/Kn8EtW1VqWVA54AKf2h5k5BbnIbwF3h6w==
  dependencies:
    buffer "^5.5.0"
    inherits "^2.0.4"
    readable-stream "^3.4.0"

brace-expansion@^1.1.7:
  version "1.1.11"
  resolved "https://registry.yarnpkg.com/brace-expansion/-/brace-expansion-1.1.11.tgz#3c7fcbf529d87226f3d2f52b966ff5271eb441dd"
  integrity sha512-iCuPHDFgrHX7H2vEI/5xpz07zSHB00TpugqhmYtVmMO6518mCuRMoOYFldEBl0g187ufozdaHgWKcYFb61qGiA==
  dependencies:
    balanced-match "^1.0.0"
    concat-map "0.0.1"

buffer@^5.5.0:
  version "5.7.1"
  resolved "https://registry.yarnpkg.com/buffer/-/buffer-5.7.1.tgz#ba62e7c13133053582197160851a8f648e99eed0"
  integrity sha512-EHcyIPBQ4BSGlvjB16k5KgAJ27CIsHY/2JBmCRReo48y9rQ3MaUzWX3KVlBa4U7MyX02HdVj0K7C3WaB3ju7FQ==
  dependencies:
    base64-js "^1.3.1"
    ieee754 "^1.1.13"

chalk@^4.1.0:
  version "4.1.2"
  resolved "https://registry.yarnpkg.com/chalk/-/chalk-4.1.2.tgz#aac4e2b7734a740867aeb16bf02aad556a1e7a01"
  integrity sha512-oKnbhFyRIXpUuez8iBMmyEa4nbj4IOQyuhc/wy9kY7/WVPcwIO9VA668Pu8RkO7+0G76SLROeyw9CpQ061i4mA==
  dependencies:
    ansi-styles "^4.1.0"
    supports-color "^7.1.0"

cli-cursor@^3.1.0:
  version "3.1.0"
  resolved "https://registry.yarnpkg.com/cli-cursor/-/cli-cursor-3.1.0.tgz#264305a7ae490d1d03bf0c9ba7c925d1753af307"
  integrity sha512-I/zHAwsKf9FqGoXM4WWRACob9+SNukZTd94DWF57E4toouRulbCxcUh6RKUEOQlYTHJnzkPMySvPNaaSLNfLZw==
  dependencies:
    restore-cursor "^3.1.0"

cli-spinners@^2.5.0:
  version "2.6.0"
  resolved "https://registry.yarnpkg.com/cli-spinners/-/cli-spinners-2.6.0.tgz#36c7dc98fb6a9a76bd6238ec3f77e2425627e939"
  integrity sha512-t+4/y50K/+4xcCRosKkA7W4gTr1MySvLV0q+PxmG7FJ5g+66ChKurYjxBCjHggHH3HA5Hh9cy+lcUGWDqVH+4Q==

clone@^1.0.2:
  version "1.0.4"
  resolved "https://registry.yarnpkg.com/clone/-/clone-1.0.4.tgz#da309cc263df15994c688ca902179ca3c7cd7c7e"
  integrity sha1-2jCcwmPfFZlMaIypAheco8fNfH4=

color-convert@^2.0.1:
  version "2.0.1"
  resolved "https://registry.yarnpkg.com/color-convert/-/color-convert-2.0.1.tgz#72d3a68d598c9bdb3af2ad1e84f21d896abd4de3"
  integrity sha512-RRECPsj7iu/xb5oKYcsFHSppFNnsj/52OVTRKb4zP5onXwVF3zVmmToNcOfGC+CRDpfK/U584fMg38ZHCaElKQ==
  dependencies:
    color-name "~1.1.4"

color-name@~1.1.4:
  version "1.1.4"
  resolved "https://registry.yarnpkg.com/color-name/-/color-name-1.1.4.tgz#c2a09a87acbde69543de6f63fa3995c826c536a2"
  integrity sha512-dOy+3AuW3a2wNbZHIuMZpTcgjGuLU/uBL/ubcZF9OXbDo8ff4O8yVp5Bf0efS8uEoYo5q4Fx7dY9OgQGXgAsQA==

concat-map@0.0.1:
  version "0.0.1"
  resolved "https://registry.yarnpkg.com/concat-map/-/concat-map-0.0.1.tgz#d8a96bd77fd68df7793a73036a3ba0d5405d477b"
  integrity sha1-2Klr13/Wjfd5OnMDajug1UBdR3s=

css-tree@^1.1.2:
  version "1.1.3"
  resolved "https://registry.yarnpkg.com/css-tree/-/css-tree-1.1.3.tgz#eb4870fb6fd7707327ec95c2ff2ab09b5e8db91d"
  integrity sha512-tRpdppF7TRazZrjJ6v3stzv93qxRcSsFmW6cX0Zm2NVKpxE1WV1HblnghVv9TreireHkqI/VDEsfolRF1p6y7Q==
  dependencies:
    mdn-data "2.0.14"
    source-map "^0.6.1"

css-unit-converter@^1.1.1:
  version "1.1.2"
  resolved "https://registry.yarnpkg.com/css-unit-converter/-/css-unit-converter-1.1.2.tgz#4c77f5a1954e6dbff60695ecb214e3270436ab21"
  integrity sha512-IiJwMC8rdZE0+xiEZHeru6YoONC4rfPMqGm2W85jMIbkFvv5nFTwJVFHam2eFrN6txmoUYFAFXiv8ICVeTO0MA==

defaults@^1.0.3:
  version "1.0.3"
  resolved "https://registry.yarnpkg.com/defaults/-/defaults-1.0.3.tgz#c656051e9817d9ff08ed881477f3fe4019f3ef7d"
  integrity sha1-xlYFHpgX2f8I7YgUd/P+QBnz730=
  dependencies:
    clone "^1.0.2"

esquery@^1.0.1:
  version "1.4.0"
  resolved "https://registry.yarnpkg.com/esquery/-/esquery-1.4.0.tgz#2148ffc38b82e8c7057dfed48425b3e61f0f24a5"
  integrity sha512-cCDispWt5vHHtwMY2YrAQ4ibFkAL8RbH5YGBnZBc90MolvvfkkQcJro/aZiAQUlQ3qgrYS6D6v8Gc5G5CQsc9w==
  dependencies:
    estraverse "^5.1.0"

estraverse@^5.1.0:
  version "5.2.0"
  resolved "https://registry.yarnpkg.com/estraverse/-/estraverse-5.2.0.tgz#307df42547e6cc7324d3cf03c155d5cdb8c53880"
  integrity sha512-BxbNGGNm0RyRYvUdHpIwv9IWzeM9XClbOxwoATuFdOE7ZE6wHL+HQ5T8hoPM+zHvmKzzsEqhgy0GrQ5X13afiQ==

fast-deep-equal@^3.1.1:
  version "3.1.3"
  resolved "https://registry.yarnpkg.com/fast-deep-equal/-/fast-deep-equal-3.1.3.tgz#3a7d56b559d6cbc3eb512325244e619a65c6c525"
  integrity sha512-f3qQ9oQy9j2AhBe/H9VC91wLmKBCCU/gDOnKNAYG5hswO7BLKj09Hc5HYNz9cGI++xlpDCIgDaitVs03ATR84Q==

fast-json-stable-stringify@2.1.0, fast-json-stable-stringify@^2.0.0:
  version "2.1.0"
  resolved "https://registry.yarnpkg.com/fast-json-stable-stringify/-/fast-json-stable-stringify-2.1.0.tgz#874bf69c6f404c2b5d99c481341399fd55892633"
  integrity sha512-lhd/wF+Lk98HZoTCtlVraHtfh5XYijIjalXck7saUtuanSDyLMxnHhSXEDJqHxD7msR8D0uCmqlkwjCV8xvwHw==

fs.realpath@^1.0.0:
  version "1.0.0"
  resolved "https://registry.yarnpkg.com/fs.realpath/-/fs.realpath-1.0.0.tgz#1504ad2523158caa40db4a2787cb01411994ea4f"
  integrity sha1-FQStJSMVjKpA20onh8sBQRmU6k8=

glob-regex@^0.3.2:
  version "0.3.2"
  resolved "https://registry.yarnpkg.com/glob-regex/-/glob-regex-0.3.2.tgz#27348f2f60648ec32a4a53137090b9fb934f3425"
  integrity sha512-m5blUd3/OqDTWwzBBtWBPrGlAzatRywHameHeekAZyZrskYouOGdNB8T/q6JucucvJXtOuyHIn0/Yia7iDasDw==

glob@^7.1.0:
  version "7.1.7"
  resolved "https://registry.yarnpkg.com/glob/-/glob-7.1.7.tgz#3b193e9233f01d42d0b3f78294bbeeb418f94a90"
  integrity sha512-OvD9ENzPLbegENnYP5UUfJIirTg4+XwMWGaQfQTY0JenxNvvIKP3U3/tAQSPIu/lHxXYSZmpXlUHeqAIdKzBLQ==
  dependencies:
    fs.realpath "^1.0.0"
    inflight "^1.0.4"
    inherits "2"
    minimatch "^3.0.4"
    once "^1.3.0"
    path-is-absolute "^1.0.0"

has-flag@^4.0.0:
  version "4.0.0"
  resolved "https://registry.yarnpkg.com/has-flag/-/has-flag-4.0.0.tgz#944771fd9c81c81265c4d6941860da06bb59479b"
  integrity sha512-EykJT/Q1KjTWctppgIAgfSO0tKVuZUjhgMr17kqTumMl6Afv3EISleU7qZUzoXDFTAHTDC4NOoG/ZxU3EvlMPQ==

ieee754@^1.1.13:
  version "1.2.1"
  resolved "https://registry.yarnpkg.com/ieee754/-/ieee754-1.2.1.tgz#8eb7a10a63fff25d15a57b001586d177d1b0d352"
  integrity sha512-dcyqhDvX1C46lXZcVqCpK+FtMRQVdIMN6/Df5js2zouUsqG7I6sFxitIC+7KYK29KdXOLHdu9zL4sFnoVQnqaA==

inflight@^1.0.4:
  version "1.0.6"
  resolved "https://registry.yarnpkg.com/inflight/-/inflight-1.0.6.tgz#49bd6331d7d02d0c09bc910a1075ba8165b56df9"
  integrity sha1-Sb1jMdfQLQwJvJEKEHW6gWW1bfk=
  dependencies:
    once "^1.3.0"
    wrappy "1"

inherits@2, inherits@^2.0.3, inherits@^2.0.4:
  version "2.0.4"
  resolved "https://registry.yarnpkg.com/inherits/-/inherits-2.0.4.tgz#0fa2c64f932917c3433a0ded55363aae37416b7c"
  integrity sha512-k/vGaX4/Yla3WzyMCvTQOXYeIHvqOKtnqBduzTHpzpQZzAskKMhZ2K+EnBiSM9zGSoIFeMpXKxa4dYeZIQqewQ==

is-interactive@^1.0.0:
  version "1.0.0"
  resolved "https://registry.yarnpkg.com/is-interactive/-/is-interactive-1.0.0.tgz#cea6e6ae5c870a7b0a0004070b7b587e0252912e"
  integrity sha512-2HvIEKRoqS62guEC+qBjpvRubdX910WCMuJTZ+I9yvqKU2/12eSL549HMwtabb4oupdj2sMP50k+XJfB/8JE6w==

is-unicode-supported@^0.1.0:
  version "0.1.0"
  resolved "https://registry.yarnpkg.com/is-unicode-supported/-/is-unicode-supported-0.1.0.tgz#3f26c76a809593b52bfa2ecb5710ed2779b522a7"
  integrity sha512-knxG2q4UC3u8stRGyAVJCOdxFmv5DZiRcdlIaAQXAbSfJya+OhopNotLQrstBhququ4ZpuKbDc/8S6mgXgPFPw==

json-schema-traverse@^0.4.1:
  version "0.4.1"
  resolved "https://registry.yarnpkg.com/json-schema-traverse/-/json-schema-traverse-0.4.1.tgz#69f6a87d9513ab8bb8fe63bdb0979c448e684660"
  integrity sha512-xbbCH5dCYU5T8LcEhhuh7HJ88HXuW3qsI3Y0zOZFKfZEHcpWiHU/Jxzk629Brsab/mMiHQti9wMP+845RPe3Vg==

jsonc-parser@3.0.0:
  version "3.0.0"
  resolved "https://registry.yarnpkg.com/jsonc-parser/-/jsonc-parser-3.0.0.tgz#abdd785701c7e7eaca8a9ec8cf070ca51a745a22"
  integrity sha512-fQzRfAbIBnR0IQvftw9FJveWiHp72Fg20giDrHz6TdfB12UH/uue0D3hm57UB5KgAVuniLMCaS8P1IMj9NR7cA==

log-symbols@^4.0.0:
  version "4.1.0"
  resolved "https://registry.yarnpkg.com/log-symbols/-/log-symbols-4.1.0.tgz#3fbdbb95b4683ac9fc785111e792e558d4abd503"
  integrity sha512-8XPvpAA8uyhfteu8pIvQxpJZ7SYYdpUivZpGy6sFsBuKRY/7rQGavedeB8aK+Zkyq6upMFVL/9AW6vOYzfRyLg==
  dependencies:
    chalk "^4.1.0"
    is-unicode-supported "^0.1.0"

magic-string@0.25.7:
  version "0.25.7"
  resolved "https://registry.yarnpkg.com/magic-string/-/magic-string-0.25.7.tgz#3f497d6fd34c669c6798dcb821f2ef31f5445051"
  integrity sha512-4CrMT5DOHTDk4HYDlzmwu4FVCcIYI8gauveasrdCu2IKIFOJ3f0v/8MDGJCDL9oD2ppz/Av1b0Nj345H9M+XIA==
  dependencies:
    sourcemap-codec "^1.4.4"

mdn-data@2.0.14:
  version "2.0.14"
  resolved "https://registry.yarnpkg.com/mdn-data/-/mdn-data-2.0.14.tgz#7113fc4281917d63ce29b43446f701e68c25ba50"
  integrity sha512-dn6wd0uw5GsdswPFfsgMp5NSB0/aDe6fK94YJV/AJDYXL6HVLWBsxeq7js7Ad+mU2K9LAlwpk6kN2D5mwCPVow==

mimic-fn@^2.1.0:
  version "2.1.0"
  resolved "https://registry.yarnpkg.com/mimic-fn/-/mimic-fn-2.1.0.tgz#7ed2c2ccccaf84d3ffcb7a69b57711fc2083401b"
  integrity sha512-OqbOk5oEQeAZ8WXWydlu9HJjz9WVdEIvamMCcXmuqUYjTknH/sqsWvhQ3vgwKFRR1HpjvNBKQ37nbJgYzGqGcg==

minimatch@^3.0.4:
  version "3.0.4"
  resolved "https://registry.yarnpkg.com/minimatch/-/minimatch-3.0.4.tgz#5166e286457f03306064be5497e8dbb0c3d32083"
  integrity sha512-yJHVQEhyqPLUTgt9B83PXu6W3rx4MvvHvSUvToogpwoGDOUQ+yDrR0HRot+yOCdCO7u4hX3pWft6kWBBcqh0UA==
  dependencies:
    brace-expansion "^1.1.7"

mkdirp@^1.0.4:
  version "1.0.4"
  resolved "https://registry.yarnpkg.com/mkdirp/-/mkdirp-1.0.4.tgz#3eb5ed62622756d79a5f0e2a221dfebad75c2f7e"
  integrity sha512-vVqVZQyf3WLx2Shd0qJ9xuvqgAyKPLAiqITEtqW0oIUjzo3PePDd6fW9iFz30ef7Ysp/oiWqbhszeGWW2T6Gzw==

once@^1.3.0:
  version "1.4.0"
  resolved "https://registry.yarnpkg.com/once/-/once-1.4.0.tgz#583b1aa775961d4b113ac17d9c50baef9dd76bd1"
  integrity sha1-WDsap3WWHUsROsF9nFC6753Xa9E=
  dependencies:
    wrappy "1"

onetime@^5.1.0:
  version "5.1.2"
  resolved "https://registry.yarnpkg.com/onetime/-/onetime-5.1.2.tgz#d0e96ebb56b07476df1dd9c4806e5237985ca45e"
  integrity sha512-kbpaSSGJTWdAY5KPVeMOKXSrPtr8C8C7wodJbcsd51jRnmD+GZu8Y0VoU6Dm5Z4vWr0Ig/1NKuWRKf7j5aaYSg==
  dependencies:
    mimic-fn "^2.1.0"

ora@5.3.0:
  version "5.3.0"
  resolved "https://registry.yarnpkg.com/ora/-/ora-5.3.0.tgz#fb832899d3a1372fe71c8b2c534bbfe74961bb6f"
  integrity sha512-zAKMgGXUim0Jyd6CXK9lraBnD3H5yPGBPPOkC23a2BG6hsm4Zu6OQSjQuEtV0BHDf4aKHcUFvJiGRrFuW3MG8g==
  dependencies:
    bl "^4.0.3"
    chalk "^4.1.0"
    cli-cursor "^3.1.0"
    cli-spinners "^2.5.0"
    is-interactive "^1.0.0"
    log-symbols "^4.0.0"
    strip-ansi "^6.0.0"
    wcwidth "^1.0.1"

path-is-absolute@^1.0.0:
  version "1.0.1"
  resolved "https://registry.yarnpkg.com/path-is-absolute/-/path-is-absolute-1.0.1.tgz#174b9268735534ffbc7ace6bf53a5a9e1b5c5f5f"
  integrity sha1-F0uSaHNVNP+8es5r9TpanhtcX18=

postcss-value-parser@^3.3.0:
  version "3.3.1"
  resolved "https://registry.yarnpkg.com/postcss-value-parser/-/postcss-value-parser-3.3.1.tgz#9ff822547e2893213cf1c30efa51ac5fd1ba8281"
  integrity sha512-pISE66AbVkp4fDQ7VHBwRNXzAAKJjw4Vw7nWI/+Q3vuly7SNfgYXvm6i5IgFylHGK5sP/xHAbB7N49OS4gWNyQ==

punycode@^2.1.0:
  version "2.1.1"
  resolved "https://registry.yarnpkg.com/punycode/-/punycode-2.1.1.tgz#b58b010ac40c22c5657616c8d2c2c02c7bf479ec"
  integrity sha512-XRsRjdf+j5ml+y/6GKHPZbrF/8p2Yga0JPtdqTIY2Xe5ohJPD9saDJJLPvp9+NSBprVvevdXZybnj2cv8OEd0A==

readable-stream@^3.4.0:
  version "3.6.0"
  resolved "https://registry.yarnpkg.com/readable-stream/-/readable-stream-3.6.0.tgz#337bbda3adc0706bd3e024426a286d4b4b2c9198"
  integrity sha512-BViHy7LKeTz4oNnkcLJ+lVSL6vpiFeX6/d3oSH8zCW7UxP2onchk+vTGB143xuFjHS3deTgkKoXXymXqymiIdA==
  dependencies:
    inherits "^2.0.3"
    string_decoder "^1.1.1"
    util-deprecate "^1.0.1"

reduce-css-calc@^2.1.7:
  version "2.1.8"
  resolved "https://registry.yarnpkg.com/reduce-css-calc/-/reduce-css-calc-2.1.8.tgz#7ef8761a28d614980dc0c982f772c93f7a99de03"
  integrity sha512-8liAVezDmUcH+tdzoEGrhfbGcP7nOV4NkGE3a74+qqvE7nt9i4sKLGBuZNOnpI4WiGksiNPklZxva80061QiPg==
  dependencies:
    css-unit-converter "^1.1.1"
    postcss-value-parser "^3.3.0"

restore-cursor@^3.1.0:
  version "3.1.0"
  resolved "https://registry.yarnpkg.com/restore-cursor/-/restore-cursor-3.1.0.tgz#39f67c54b3a7a58cea5236d95cf0034239631f7e"
  integrity sha512-l+sSefzHpj5qimhFSE5a8nufZYAM3sBSVMAPtYkmC+4EH2anSGaEMXSD0izRQbu9nfyQ9y5JrVmp7E8oZrUjvA==
  dependencies:
    onetime "^5.1.0"
    signal-exit "^3.0.2"

rxjs@6.6.3:
  version "6.6.3"
  resolved "https://registry.yarnpkg.com/rxjs/-/rxjs-6.6.3.tgz#8ca84635c4daa900c0d3967a6ee7ac60271ee552"
  integrity sha512-trsQc+xYYXZ3urjOiJOuCOa5N3jAZ3eiSpQB5hIT8zGlL2QfnHLJ2r7GMkBGuIausdJN1OneaI6gQlsqNHHmZQ==
  dependencies:
    tslib "^1.9.0"

safe-buffer@~5.2.0:
  version "5.2.1"
  resolved "https://registry.yarnpkg.com/safe-buffer/-/safe-buffer-5.2.1.tgz#1eaf9fa9bdb1fdd4ec75f58f9cdb4e6b7827eec6"
  integrity sha512-rp3So07KcdmmKbGvgaNxQSJr7bGVSVk5S9Eq1F+ppbRo70+YeaDxkw5Dd8NPN+GD6bjnYm2VuPuCXmpuYvmCXQ==

signal-exit@^3.0.2:
  version "3.0.4"
  resolved "https://registry.yarnpkg.com/signal-exit/-/signal-exit-3.0.4.tgz#366a4684d175b9cab2081e3681fda3747b6c51d7"
  integrity sha512-rqYhcAnZ6d/vTPGghdrw7iumdcbXpsk1b8IG/rz+VWV51DM0p7XCtMoJ3qhPLIbp3tvyt3pKRbaaEMZYpHto8Q==

source-map@0.7.3:
  version "0.7.3"
  resolved "https://registry.yarnpkg.com/source-map/-/source-map-0.7.3.tgz#5302f8169031735226544092e64981f751750383"
  integrity sha512-CkCj6giN3S+n9qrYiBTX5gystlENnRW5jZeNLHpe6aue+SrHcG5VYwujhW9s4dY31mEGsxBDrHR6oI69fTXsaQ==

source-map@^0.6.1:
  version "0.6.1"
  resolved "https://registry.yarnpkg.com/source-map/-/source-map-0.6.1.tgz#74722af32e9614e9c287a8d0bbde48b5e2f1a263"
  integrity sha512-UjgapumWlbMhkBgzT7Ykc5YXUT46F0iKu8SGXq0bcwP5dz/h0Plj6enJqjz1Zbq2l5WaqYnrVbwWOWMyF3F47g==

sourcemap-codec@^1.4.4:
  version "1.4.8"
  resolved "https://registry.yarnpkg.com/sourcemap-codec/-/sourcemap-codec-1.4.8.tgz#ea804bd94857402e6992d05a38ef1ae35a9ab4c4"
  integrity sha512-9NykojV5Uih4lgo5So5dtw+f0JgJX30KCNI8gwhz2J9A15wD0Ml6tjHKwf6fTSa6fAdVBdZeNOs9eJ71qCk8vA==

string_decoder@^1.1.1:
  version "1.3.0"
  resolved "https://registry.yarnpkg.com/string_decoder/-/string_decoder-1.3.0.tgz#42f114594a46cf1a8e30b0a84f56c78c3edac21e"
  integrity sha512-hkRX8U1WjJFd8LsDJ2yQ/wWWxaopEsABU1XfkM8A+j0+85JAGppt16cr1Whg6KIbb4okU6Mql6BOj+uup/wKeA==
  dependencies:
    safe-buffer "~5.2.0"

strip-ansi@^6.0.0:
  version "6.0.0"
  resolved "https://registry.yarnpkg.com/strip-ansi/-/strip-ansi-6.0.0.tgz#0b1571dd7669ccd4f3e06e14ef1eed26225ae532"
  integrity sha512-AuvKTrTfQNYNIctbR1K/YGTR1756GycPsg7b9bdV9Duqur4gv6aKqHXah67Z8ImS7WEz5QVcOtlfW2rZEugt6w==
  dependencies:
    ansi-regex "^5.0.0"

strip-json-comments@~3.1.1:
  version "3.1.1"
  resolved "https://registry.yarnpkg.com/strip-json-comments/-/strip-json-comments-3.1.1.tgz#31f1281b3832630434831c310c01cccda8cbe006"
  integrity sha512-6fPc+R4ihwqP6N/aIv2f1gMH8lOVtWQHoqC4yK6oSDVVocumAsfCqjkXnqiYMhmMwS/mEHLp7Vehlt3ql6lEig==

supports-color@^7.1.0:
  version "7.2.0"
  resolved "https://registry.yarnpkg.com/supports-color/-/supports-color-7.2.0.tgz#1b7dcdcb32b8138801b3e478ba6a51caa89648da"
  integrity sha512-qpCAvRl9stuOHveKsn7HncJRvv501qIacKzQlO/+Lwxc9+0q2wLyv4Dfvt80/DPn2pqOBsJdDiogXGR9+OvwRw==
  dependencies:
    has-flag "^4.0.0"

tslib@^1.9.0:
  version "1.14.1"
  resolved "https://registry.yarnpkg.com/tslib/-/tslib-1.14.1.tgz#cf2d38bdc34a134bcaf1091c41f6619e2f672d00"
  integrity sha512-Xni35NKzjgMrwevysHTCArtLDpPvye8zV/0E4EyYn43P7/7qvQwPh9BGkHewbMulVntbigmcT7rdX3BNo9wRJg==

tslib@~2.0.0:
  version "2.0.3"
  resolved "https://registry.yarnpkg.com/tslib/-/tslib-2.0.3.tgz#8e0741ac45fc0c226e58a17bfc3e64b9bc6ca61c"
  integrity sha512-uZtkfKblCEQtZKBF6EBXVZeQNl82yqtDQdv+eck8u7tdPxjLu2/lp5/uPW+um2tpuxINHWy3GhiccY7QgEaVHQ==

uri-js@^4.2.2:
  version "4.4.1"
  resolved "https://registry.yarnpkg.com/uri-js/-/uri-js-4.4.1.tgz#9b1a52595225859e55f669d928f88c6c57f2a77e"
  integrity sha512-7rKUyy33Q1yc98pQ1DAmLtwX109F7TIfWlW1Ydo8Wl1ii1SeHieeh0HHfPeL2fMXK6z0s8ecKs9frCuLJvndBg==
  dependencies:
    punycode "^2.1.0"

util-deprecate@^1.0.1:
  version "1.0.2"
  resolved "https://registry.yarnpkg.com/util-deprecate/-/util-deprecate-1.0.2.tgz#450d4dc9fa70de732762fbd2d4a28981419a0ccf"
  integrity sha1-RQ1Nyfpw3nMnYvvS1KKJgUGaDM8=

wcwidth@^1.0.1:
  version "1.0.1"
  resolved "https://registry.yarnpkg.com/wcwidth/-/wcwidth-1.0.1.tgz#f0b0dcf915bc5ff1528afadb2c0e17b532da2fe8"
  integrity sha1-8LDc+RW8X/FSivrbLA4XtTLaL+g=
  dependencies:
    defaults "^1.0.3"

wrappy@1:
  version "1.0.2"
  resolved "https://registry.yarnpkg.com/wrappy/-/wrappy-1.0.2.tgz#b5243d8f3ec1aa35f1364605bc0d1036e30ab69f"
  integrity sha1-tSQ9jz7BqjXxNkYFvA0QNuMKtp8=
